
Microsoft Visual Studio Solution File, Format Version 12.00
# Visual Studio Version 17
VisualStudioVersion = 17.9.34714.143
MinimumVisualStudioVersion = 10.0.40219.1
Project("{FAE04EC0-301F-11D3-BF4B-00C04F79EFBC}") = "Ranker.Server", "Ranker.Server\Ranker.Server.csproj", "{D3B6792D-5F06-46AA-BF80-4705B2E86190}"
EndProject
Project("{54A90642-561A-4BB1-A94E-469ADEE60C69}") = "ranker.client", "ranker.client\ranker.client.esproj", "{8637893D-128E-45B1-8CA6-FF653F6E8E79}"
EndProject
Global
	GlobalSection(SolutionConfigurationPlatforms) = preSolution
		Debug|Any CPU = Debug|Any CPU
		Release|Any CPU = Release|Any CPU
	EndGlobalSection
	GlobalSection(ProjectConfigurationPlatforms) = postSolution
		{D3B6792D-5F06-46AA-BF80-4705B2E86190}.Debug|Any CPU.ActiveCfg = Debug|Any CPU
		{D3B6792D-5F06-46AA-BF80-4705B2E86190}.Debug|Any CPU.Build.0 = Debug|Any CPU
		{D3B6792D-5F06-46AA-BF80-4705B2E86190}.Release|Any CPU.ActiveCfg = Release|Any CPU
		{D3B6792D-5F06-46AA-BF80-4705B2E86190}.Release|Any CPU.Build.0 = Release|Any CPU
		{8637893D-128E-45B1-8CA6-FF653F6E8E79}.Debug|Any CPU.ActiveCfg = Debug|Any CPU
		{8637893D-128E-45B1-8CA6-FF653F6E8E79}.Debug|Any CPU.Build.0 = Debug|Any CPU
		{8637893D-128E-45B1-8CA6-FF653F6E8E79}.Debug|Any CPU.Deploy.0 = Debug|Any CPU
		{8637893D-128E-45B1-8CA6-FF653F6E8E79}.Release|Any CPU.ActiveCfg = Release|Any CPU
		{8637893D-128E-45B1-8CA6-FF653F6E8E79}.Release|Any CPU.Build.0 = Release|Any CPU
		{8637893D-128E-45B1-8CA6-FF653F6E8E79}.Release|Any CPU.Deploy.0 = Release|Any CPU
	EndGlobalSection
	GlobalSection(SolutionProperties) = preSolution
		HideSolutionNode = FALSE
	EndGlobalSection
	GlobalSection(ExtensibilityGlobals) = postSolution
		SolutionGuid = {C632F18D-557F-4854-80BC-0CACED421D1B}
	EndGlobalSection
EndGlobal
